
Microsoft Visual Studio Solution File, Format Version 12.00
# Visual Studio 14
VisualStudioVersion = 14.0.24720.0
MinimumVisualStudioVersion = 10.0.40219.1
Project("{FAE04EC0-301F-11D3-BF4B-00C04F79EFBC}") = "gModsApp.Droid", "gModsApp\gModsApp.Droid\gModsApp.Droid.csproj", "{74F95348-FC0D-496D-8900-21C334DD2585}"
EndProject
Project("{FAE04EC0-301F-11D3-BF4B-00C04F79EFBC}") = "gModsApp.iOS", "gModsApp\gModsApp.iOS\gModsApp.iOS.csproj", "{5ED01B25-536B-4E30-99DB-1F9E0897A761}"
EndProject
Project("{FAE04EC0-301F-11D3-BF4B-00C04F79EFBC}") = "gModsApp.WinPhone", "gModsApp\gModsApp.WinPhone\gModsApp.WinPhone.csproj", "{865DCA09-C8CC-415B-9569-FADA1326F1A0}"
EndProject
Project("{FAE04EC0-301F-11D3-BF4B-00C04F79EFBC}") = "gModsApp", "gModsApp\gModsApp\gModsApp.csproj", "{BB0C3602-40A9-46F1-89A7-442256E74D94}"
EndProject
Global
	GlobalSection(SolutionConfigurationPlatforms) = preSolution
		Ad-Hoc|Any CPU = Ad-Hoc|Any CPU
		Ad-Hoc|ARM = Ad-Hoc|ARM
		Ad-Hoc|iPhone = Ad-Hoc|iPhone
		Ad-Hoc|iPhoneSimulator = Ad-Hoc|iPhoneSimulator
		Ad-Hoc|x86 = Ad-Hoc|x86
		AppStore|Any CPU = AppStore|Any CPU
		AppStore|ARM = AppStore|ARM
		AppStore|iPhone = AppStore|iPhone
		AppStore|iPhoneSimulator = AppStore|iPhoneSimulator
		AppStore|x86 = AppStore|x86
		Debug|Any CPU = Debug|Any CPU
		Debug|ARM = Debug|ARM
		Debug|iPhone = Debug|iPhone
		Debug|iPhoneSimulator = Debug|iPhoneSimulator
		Debug|x86 = Debug|x86
		Release|Any CPU = Release|Any CPU
		Release|ARM = Release|ARM
		Release|iPhone = Release|iPhone
		Release|iPhoneSimulator = Release|iPhoneSimulator
		Release|x86 = Release|x86
	EndGlobalSection
	GlobalSection(ProjectConfigurationPlatforms) = postSolution
		{74F95348-FC0D-496D-8900-21C334DD2585}.Ad-Hoc|Any CPU.ActiveCfg = Release|Any CPU
		{74F95348-FC0D-496D-8900-21C334DD2585}.Ad-Hoc|Any CPU.Build.0 = Release|Any CPU
		{74F95348-FC0D-496D-8900-21C334DD2585}.Ad-Hoc|Any CPU.Deploy.0 = Release|Any CPU
		{74F95348-FC0D-496D-8900-21C334DD2585}.Ad-Hoc|ARM.ActiveCfg = Release|Any CPU
		{74F95348-FC0D-496D-8900-21C334DD2585}.Ad-Hoc|ARM.Build.0 = Release|Any CPU
		{74F95348-FC0D-496D-8900-21C334DD2585}.Ad-Hoc|ARM.Deploy.0 = Release|Any CPU
		{74F95348-FC0D-496D-8900-21C334DD2585}.Ad-Hoc|iPhone.ActiveCfg = Release|Any CPU
		{74F95348-FC0D-496D-8900-21C334DD2585}.Ad-Hoc|iPhone.Build.0 = Release|Any CPU
		{74F95348-FC0D-496D-8900-21C334DD2585}.Ad-Hoc|iPhone.Deploy.0 = Release|Any CPU
		{74F95348-FC0D-496D-8900-21C334DD2585}.Ad-Hoc|iPhoneSimulator.ActiveCfg = Release|Any CPU
		{74F95348-FC0D-496D-8900-21C334DD2585}.Ad-Hoc|iPhoneSimulator.Build.0 = Release|Any CPU
		{74F95348-FC0D-496D-8900-21C334DD2585}.Ad-Hoc|iPhoneSimulator.Deploy.0 = Release|Any CPU
		{74F95348-FC0D-496D-8900-21C334DD2585}.Ad-Hoc|x86.ActiveCfg = Release|Any CPU
		{74F95348-FC0D-496D-8900-21C334DD2585}.Ad-Hoc|x86.Build.0 = Release|Any CPU
		{74F95348-FC0D-496D-8900-21C334DD2585}.Ad-Hoc|x86.Deploy.0 = Release|Any CPU
		{74F95348-FC0D-496D-8900-21C334DD2585}.AppStore|Any CPU.ActiveCfg = Release|Any CPU
		{74F95348-FC0D-496D-8900-21C334DD2585}.AppStore|Any CPU.Build.0 = Release|Any CPU
		{74F95348-FC0D-496D-8900-21C334DD2585}.AppStore|Any CPU.Deploy.0 = Release|Any CPU
		{74F95348-FC0D-496D-8900-21C334DD2585}.AppStore|ARM.ActiveCfg = Release|Any CPU
		{74F95348-FC0D-496D-8900-21C334DD2585}.AppStore|ARM.Build.0 = Release|Any CPU
		{74F95348-FC0D-496D-8900-21C334DD2585}.AppStore|ARM.Deploy.0 = Release|Any CPU
		{74F95348-FC0D-496D-8900-21C334DD2585}.AppStore|iPhone.ActiveCfg = Release|Any CPU
		{74F95348-FC0D-496D-8900-21C334DD2585}.AppStore|iPhone.Build.0 = Release|Any CPU
		{74F95348-FC0D-496D-8900-21C334DD2585}.AppStore|iPhone.Deploy.0 = Release|Any CPU
		{74F95348-FC0D-496D-8900-21C334DD2585}.AppStore|iPhoneSimulator.ActiveCfg = Release|Any CPU
		{74F95348-FC0D-496D-8900-21C334DD2585}.AppStore|iPhoneSimulator.Build.0 = Release|Any CPU
		{74F95348-FC0D-496D-8900-21C334DD2585}.AppStore|iPhoneSimulator.Deploy.0 = Release|Any CPU
		{74F95348-FC0D-496D-8900-21C334DD2585}.AppStore|x86.ActiveCfg = Release|Any CPU
		{74F95348-FC0D-496D-8900-21C334DD2585}.AppStore|x86.Build.0 = Release|Any CPU
		{74F95348-FC0D-496D-8900-21C334DD2585}.AppStore|x86.Deploy.0 = Release|Any CPU
		{74F95348-FC0D-496D-8900-21C334DD2585}.Debug|Any CPU.ActiveCfg = Debug|Any CPU
		{74F95348-FC0D-496D-8900-21C334DD2585}.Debug|Any CPU.Build.0 = Debug|Any CPU
		{74F95348-FC0D-496D-8900-21C334DD2585}.Debug|Any CPU.Deploy.0 = Debug|Any CPU
		{74F95348-FC0D-496D-8900-21C334DD2585}.Debug|ARM.ActiveCfg = Debug|Any CPU
		{74F95348-FC0D-496D-8900-21C334DD2585}.Debug|ARM.Build.0 = Debug|Any CPU
		{74F95348-FC0D-496D-8900-21C334DD2585}.Debug|ARM.Deploy.0 = Debug|Any CPU
		{74F95348-FC0D-496D-8900-21C334DD2585}.Debug|iPhone.ActiveCfg = Debug|Any CPU
		{74F95348-FC0D-496D-8900-21C334DD2585}.Debug|iPhone.Build.0 = Debug|Any CPU
		{74F95348-FC0D-496D-8900-21C334DD2585}.Debug|iPhone.Deploy.0 = Debug|Any CPU
		{74F95348-FC0D-496D-8900-21C334DD2585}.Debug|iPhoneSimulator.ActiveCfg = Debug|Any CPU
		{74F95348-FC0D-496D-8900-21C334DD2585}.Debug|iPhoneSimulator.Build.0 = Debug|Any CPU
		{74F95348-FC0D-496D-8900-21C334DD2585}.Debug|iPhoneSimulator.Deploy.0 = Debug|Any CPU
		{74F95348-FC0D-496D-8900-21C334DD2585}.Debug|x86.ActiveCfg = Debug|Any CPU
		{74F95348-FC0D-496D-8900-21C334DD2585}.Debug|x86.Build.0 = Debug|Any CPU
		{74F95348-FC0D-496D-8900-21C334DD2585}.Debug|x86.Deploy.0 = Debug|Any CPU
		{74F95348-FC0D-496D-8900-21C334DD2585}.Release|Any CPU.ActiveCfg = Release|Any CPU
		{74F95348-FC0D-496D-8900-21C334DD2585}.Release|Any CPU.Build.0 = Release|Any CPU
		{74F95348-FC0D-496D-8900-21C334DD2585}.Release|Any CPU.Deploy.0 = Release|Any CPU
		{74F95348-FC0D-496D-8900-21C334DD2585}.Release|ARM.ActiveCfg = Release|Any CPU
		{74F95348-FC0D-496D-8900-21C334DD2585}.Release|ARM.Build.0 = Release|Any CPU
		{74F95348-FC0D-496D-8900-21C334DD2585}.Release|ARM.Deploy.0 = Release|Any CPU
		{74F95348-FC0D-496D-8900-21C334DD2585}.Release|iPhone.ActiveCfg = Release|Any CPU
		{74F95348-FC0D-496D-8900-21C334DD2585}.Release|iPhone.Build.0 = Release|Any CPU
		{74F95348-FC0D-496D-8900-21C334DD2585}.Release|iPhone.Deploy.0 = Release|Any CPU
		{74F95348-FC0D-496D-8900-21C334DD2585}.Release|iPhoneSimulator.ActiveCfg = Release|Any CPU
		{74F95348-FC0D-496D-8900-21C334DD2585}.Release|iPhoneSimulator.Build.0 = Release|Any CPU
		{74F95348-FC0D-496D-8900-21C334DD2585}.Release|iPhoneSimulator.Deploy.0 = Release|Any CPU
		{74F95348-FC0D-496D-8900-21C334DD2585}.Release|x86.ActiveCfg = Release|Any CPU
		{74F95348-FC0D-496D-8900-21C334DD2585}.Release|x86.Build.0 = Release|Any CPU
		{74F95348-FC0D-496D-8900-21C334DD2585}.Release|x86.Deploy.0 = Release|Any CPU
		{5ED01B25-536B-4E30-99DB-1F9E0897A761}.Ad-Hoc|Any CPU.ActiveCfg = Ad-Hoc|iPhone
		{5ED01B25-536B-4E30-99DB-1F9E0897A761}.Ad-Hoc|ARM.ActiveCfg = Ad-Hoc|iPhone
		{5ED01B25-536B-4E30-99DB-1F9E0897A761}.Ad-Hoc|iPhone.ActiveCfg = Ad-Hoc|iPhone
		{5ED01B25-536B-4E30-99DB-1F9E0897A761}.Ad-Hoc|iPhone.Build.0 = Ad-Hoc|iPhone
		{5ED01B25-536B-4E30-99DB-1F9E0897A761}.Ad-Hoc|iPhoneSimulator.ActiveCfg = Ad-Hoc|iPhoneSimulator
		{5ED01B25-536B-4E30-99DB-1F9E0897A761}.Ad-Hoc|iPhoneSimulator.Build.0 = Ad-Hoc|iPhoneSimulator
		{5ED01B25-536B-4E30-99DB-1F9E0897A761}.Ad-Hoc|x86.ActiveCfg = Ad-Hoc|iPhone
		{5ED01B25-536B-4E30-99DB-1F9E0897A761}.AppStore|Any CPU.ActiveCfg = AppStore|iPhone
		{5ED01B25-536B-4E30-99DB-1F9E0897A761}.AppStore|ARM.ActiveCfg = AppStore|iPhone
		{5ED01B25-536B-4E30-99DB-1F9E0897A761}.AppStore|iPhone.ActiveCfg = AppStore|iPhone
		{5ED01B25-536B-4E30-99DB-1F9E0897A761}.AppStore|iPhone.Build.0 = AppStore|iPhone
		{5ED01B25-536B-4E30-99DB-1F9E0897A761}.AppStore|iPhoneSimulator.ActiveCfg = AppStore|iPhoneSimulator
		{5ED01B25-536B-4E30-99DB-1F9E0897A761}.AppStore|iPhoneSimulator.Build.0 = AppStore|iPhoneSimulator
		{5ED01B25-536B-4E30-99DB-1F9E0897A761}.AppStore|x86.ActiveCfg = AppStore|iPhone
		{5ED01B25-536B-4E30-99DB-1F9E0897A761}.Debug|Any CPU.ActiveCfg = Debug|iPhone
		{5ED01B25-536B-4E30-99DB-1F9E0897A761}.Debug|ARM.ActiveCfg = Debug|iPhone
		{5ED01B25-536B-4E30-99DB-1F9E0897A761}.Debug|iPhone.ActiveCfg = Debug|iPhone
		{5ED01B25-536B-4E30-99DB-1F9E0897A761}.Debug|iPhone.Build.0 = Debug|iPhone
		{5ED01B25-536B-4E30-99DB-1F9E0897A761}.Debug|iPhoneSimulator.ActiveCfg = Debug|iPhoneSimulator
		{5ED01B25-536B-4E30-99DB-1F9E0897A761}.Debug|iPhoneSimulator.Build.0 = Debug|iPhoneSimulator
		{5ED01B25-536B-4E30-99DB-1F9E0897A761}.Debug|x86.ActiveCfg = Debug|iPhone
		{5ED01B25-536B-4E30-99DB-1F9E0897A761}.Release|Any CPU.ActiveCfg = Release|iPhone
		{5ED01B25-536B-4E30-99DB-1F9E0897A761}.Release|ARM.ActiveCfg = Release|iPhone
		{5ED01B25-536B-4E30-99DB-1F9E0897A761}.Release|iPhone.ActiveCfg = Release|iPhone
		{5ED01B25-536B-4E30-99DB-1F9E0897A761}.Release|iPhone.Build.0 = Release|iPhone
		{5ED01B25-536B-4E30-99DB-1F9E0897A761}.Release|iPhoneSimulator.ActiveCfg = Release|iPhoneSimulator
		{5ED01B25-536B-4E30-99DB-1F9E0897A761}.Release|iPhoneSimulator.Build.0 = Release|iPhoneSimulator
		{5ED01B25-536B-4E30-99DB-1F9E0897A761}.Release|x86.ActiveCfg = Release|iPhone
		{865DCA09-C8CC-415B-9569-FADA1326F1A0}.Ad-Hoc|Any CPU.ActiveCfg = Release|Any CPU
		{865DCA09-C8CC-415B-9569-FADA1326F1A0}.Ad-Hoc|Any CPU.Build.0 = Release|Any CPU
		{865DCA09-C8CC-415B-9569-FADA1326F1A0}.Ad-Hoc|Any CPU.Deploy.0 = Release|Any CPU
		{865DCA09-C8CC-415B-9569-FADA1326F1A0}.Ad-Hoc|ARM.ActiveCfg = Release|ARM
		{865DCA09-C8CC-415B-9569-FADA1326F1A0}.Ad-Hoc|ARM.Build.0 = Release|ARM
		{865DCA09-C8CC-415B-9569-FADA1326F1A0}.Ad-Hoc|ARM.Deploy.0 = Release|ARM
		{865DCA09-C8CC-415B-9569-FADA1326F1A0}.Ad-Hoc|iPhone.ActiveCfg = Release|Any CPU
		{865DCA09-C8CC-415B-9569-FADA1326F1A0}.Ad-Hoc|iPhone.Build.0 = Release|Any CPU
		{865DCA09-C8CC-415B-9569-FADA1326F1A0}.Ad-Hoc|iPhone.Deploy.0 = Release|Any CPU
		{865DCA09-C8CC-415B-9569-FADA1326F1A0}.Ad-Hoc|iPhoneSimulator.ActiveCfg = Release|Any CPU
		{865DCA09-C8CC-415B-9569-FADA1326F1A0}.Ad-Hoc|iPhoneSimulator.Build.0 = Release|Any CPU
		{865DCA09-C8CC-415B-9569-FADA1326F1A0}.Ad-Hoc|iPhoneSimulator.Deploy.0 = Release|Any CPU
		{865DCA09-C8CC-415B-9569-FADA1326F1A0}.Ad-Hoc|x86.ActiveCfg = Release|x86
		{865DCA09-C8CC-415B-9569-FADA1326F1A0}.Ad-Hoc|x86.Build.0 = Release|x86
		{865DCA09-C8CC-415B-9569-FADA1326F1A0}.Ad-Hoc|x86.Deploy.0 = Release|x86
		{865DCA09-C8CC-415B-9569-FADA1326F1A0}.AppStore|Any CPU.ActiveCfg = Release|Any CPU
		{865DCA09-C8CC-415B-9569-FADA1326F1A0}.AppStore|Any CPU.Build.0 = Release|Any CPU
		{865DCA09-C8CC-415B-9569-FADA1326F1A0}.AppStore|Any CPU.Deploy.0 = Release|Any CPU
		{865DCA09-C8CC-415B-9569-FADA1326F1A0}.AppStore|ARM.ActiveCfg = Release|ARM
		{865DCA09-C8CC-415B-9569-FADA1326F1A0}.AppStore|ARM.Build.0 = Release|ARM
		{865DCA09-C8CC-415B-9569-FADA1326F1A0}.AppStore|ARM.Deploy.0 = Release|ARM
		{865DCA09-C8CC-415B-9569-FADA1326F1A0}.AppStore|iPhone.ActiveCfg = Release|Any CPU
		{865DCA09-C8CC-415B-9569-FADA1326F1A0}.AppStore|iPhone.Build.0 = Release|Any CPU
		{865DCA09-C8CC-415B-9569-FADA1326F1A0}.AppStore|iPhone.Deploy.0 = Release|Any CPU
		{865DCA09-C8CC-415B-9569-FADA1326F1A0}.AppStore|iPhoneSimulator.ActiveCfg = Release|Any CPU
		{865DCA09-C8CC-415B-9569-FADA1326F1A0}.AppStore|iPhoneSimulator.Build.0 = Release|Any CPU
		{865DCA09-C8CC-415B-9569-FADA1326F1A0}.AppStore|iPhoneSimulator.Deploy.0 = Release|Any CPU
		{865DCA09-C8CC-415B-9569-FADA1326F1A0}.AppStore|x86.ActiveCfg = Release|x86
		{865DCA09-C8CC-415B-9569-FADA1326F1A0}.AppStore|x86.Build.0 = Release|x86
		{865DCA09-C8CC-415B-9569-FADA1326F1A0}.AppStore|x86.Deploy.0 = Release|x86
		{865DCA09-C8CC-415B-9569-FADA1326F1A0}.Debug|Any CPU.ActiveCfg = Debug|Any CPU
		{865DCA09-C8CC-415B-9569-FADA1326F1A0}.Debug|Any CPU.Build.0 = Debug|Any CPU
		{865DCA09-C8CC-415B-9569-FADA1326F1A0}.Debug|Any CPU.Deploy.0 = Debug|Any CPU
		{865DCA09-C8CC-415B-9569-FADA1326F1A0}.Debug|ARM.ActiveCfg = Debug|ARM
		{865DCA09-C8CC-415B-9569-FADA1326F1A0}.Debug|ARM.Build.0 = Debug|ARM
		{865DCA09-C8CC-415B-9569-FADA1326F1A0}.Debug|ARM.Deploy.0 = Debug|ARM
		{865DCA09-C8CC-415B-9569-FADA1326F1A0}.Debug|iPhone.ActiveCfg = Debug|Any CPU
		{865DCA09-C8CC-415B-9569-FADA1326F1A0}.Debug|iPhone.Build.0 = Debug|Any CPU
		{865DCA09-C8CC-415B-9569-FADA1326F1A0}.Debug|iPhone.Deploy.0 = Debug|Any CPU
		{865DCA09-C8CC-415B-9569-FADA1326F1A0}.Debug|iPhoneSimulator.ActiveCfg = Debug|Any CPU
		{865DCA09-C8CC-415B-9569-FADA1326F1A0}.Debug|iPhoneSimulator.Build.0 = Debug|Any CPU
		{865DCA09-C8CC-415B-9569-FADA1326F1A0}.Debug|iPhoneSimulator.Deploy.0 = Debug|Any CPU
		{865DCA09-C8CC-415B-9569-FADA1326F1A0}.Debug|x86.ActiveCfg = Debug|x86
		{865DCA09-C8CC-415B-9569-FADA1326F1A0}.Debug|x86.Build.0 = Debug|x86
		{865DCA09-C8CC-415B-9569-FADA1326F1A0}.Debug|x86.Deploy.0 = Debug|x86
		{865DCA09-C8CC-415B-9569-FADA1326F1A0}.Release|Any CPU.ActiveCfg = Release|Any CPU
		{865DCA09-C8CC-415B-9569-FADA1326F1A0}.Release|Any CPU.Build.0 = Release|Any CPU
		{865DCA09-C8CC-415B-9569-FADA1326F1A0}.Release|Any CPU.Deploy.0 = Release|Any CPU
		{865DCA09-C8CC-415B-9569-FADA1326F1A0}.Release|ARM.ActiveCfg = Release|ARM
		{865DCA09-C8CC-415B-9569-FADA1326F1A0}.Release|ARM.Build.0 = Release|ARM
		{865DCA09-C8CC-415B-9569-FADA1326F1A0}.Release|ARM.Deploy.0 = Release|ARM
		{865DCA09-C8CC-415B-9569-FADA1326F1A0}.Release|iPhone.ActiveCfg = Release|Any CPU
		{865DCA09-C8CC-415B-9569-FADA1326F1A0}.Release|iPhone.Build.0 = Release|Any CPU
		{865DCA09-C8CC-415B-9569-FADA1326F1A0}.Release|iPhone.Deploy.0 = Release|Any CPU
		{865DCA09-C8CC-415B-9569-FADA1326F1A0}.Release|iPhoneSimulator.ActiveCfg = Release|Any CPU
		{865DCA09-C8CC-415B-9569-FADA1326F1A0}.Release|iPhoneSimulator.Build.0 = Release|Any CPU
		{865DCA09-C8CC-415B-9569-FADA1326F1A0}.Release|iPhoneSimulator.Deploy.0 = Release|Any CPU
		{865DCA09-C8CC-415B-9569-FADA1326F1A0}.Release|x86.ActiveCfg = Release|x86
		{865DCA09-C8CC-415B-9569-FADA1326F1A0}.Release|x86.Build.0 = Release|x86
		{865DCA09-C8CC-415B-9569-FADA1326F1A0}.Release|x86.Deploy.0 = Release|x86
		{BB0C3602-40A9-46F1-89A7-442256E74D94}.Ad-Hoc|Any CPU.ActiveCfg = Release|Any CPU
		{BB0C3602-40A9-46F1-89A7-442256E74D94}.Ad-Hoc|Any CPU.Build.0 = Release|Any CPU
		{BB0C3602-40A9-46F1-89A7-442256E74D94}.Ad-Hoc|ARM.ActiveCfg = Release|Any CPU
		{BB0C3602-40A9-46F1-89A7-442256E74D94}.Ad-Hoc|ARM.Build.0 = Release|Any CPU
		{BB0C3602-40A9-46F1-89A7-442256E74D94}.Ad-Hoc|iPhone.ActiveCfg = Release|Any CPU
		{BB0C3602-40A9-46F1-89A7-442256E74D94}.Ad-Hoc|iPhone.Build.0 = Release|Any CPU
		{BB0C3602-40A9-46F1-89A7-442256E74D94}.Ad-Hoc|iPhoneSimulator.ActiveCfg = Release|Any CPU
		{BB0C3602-40A9-46F1-89A7-442256E74D94}.Ad-Hoc|iPhoneSimulator.Build.0 = Release|Any CPU
		{BB0C3602-40A9-46F1-89A7-442256E74D94}.Ad-Hoc|x86.ActiveCfg = Release|Any CPU
		{BB0C3602-40A9-46F1-89A7-442256E74D94}.Ad-Hoc|x86.Build.0 = Release|Any CPU
		{BB0C3602-40A9-46F1-89A7-442256E74D94}.AppStore|Any CPU.ActiveCfg = Release|Any CPU
		{BB0C3602-40A9-46F1-89A7-442256E74D94}.AppStore|Any CPU.Build.0 = Release|Any CPU
		{BB0C3602-40A9-46F1-89A7-442256E74D94}.AppStore|ARM.ActiveCfg = Release|Any CPU
		{BB0C3602-40A9-46F1-89A7-442256E74D94}.AppStore|ARM.Build.0 = Release|Any CPU
		{BB0C3602-40A9-46F1-89A7-442256E74D94}.AppStore|iPhone.ActiveCfg = Release|Any CPU
		{BB0C3602-40A9-46F1-89A7-442256E74D94}.AppStore|iPhone.Build.0 = Release|Any CPU
		{BB0C3602-40A9-46F1-89A7-442256E74D94}.AppStore|iPhoneSimulator.ActiveCfg = Release|Any CPU
		{BB0C3602-40A9-46F1-89A7-442256E74D94}.AppStore|iPhoneSimulator.Build.0 = Release|Any CPU
		{BB0C3602-40A9-46F1-89A7-442256E74D94}.AppStore|x86.ActiveCfg = Release|Any CPU
		{BB0C3602-40A9-46F1-89A7-442256E74D94}.AppStore|x86.Build.0 = Release|Any CPU
		{BB0C3602-40A9-46F1-89A7-442256E74D94}.Debug|Any CPU.ActiveCfg = Debug|Any CPU
		{BB0C3602-40A9-46F1-89A7-442256E74D94}.Debug|Any CPU.Build.0 = Debug|Any CPU
		{BB0C3602-40A9-46F1-89A7-442256E74D94}.Debug|ARM.ActiveCfg = Debug|Any CPU
		{BB0C3602-40A9-46F1-89A7-442256E74D94}.Debug|ARM.Build.0 = Debug|Any CPU
		{BB0C3602-40A9-46F1-89A7-442256E74D94}.Debug|iPhone.ActiveCfg = Debug|Any CPU
		{BB0C3602-40A9-46F1-89A7-442256E74D94}.Debug|iPhone.Build.0 = Debug|Any CPU
		{BB0C3602-40A9-46F1-89A7-442256E74D94}.Debug|iPhoneSimulator.ActiveCfg = Debug|Any CPU
		{BB0C3602-40A9-46F1-89A7-442256E74D94}.Debug|iPhoneSimulator.Build.0 = Debug|Any CPU
		{BB0C3602-40A9-46F1-89A7-442256E74D94}.Debug|x86.ActiveCfg = Debug|Any CPU
		{BB0C3602-40A9-46F1-89A7-442256E74D94}.Debug|x86.Build.0 = Debug|Any CPU
		{BB0C3602-40A9-46F1-89A7-442256E74D94}.Release|Any CPU.ActiveCfg = Release|Any CPU
		{BB0C3602-40A9-46F1-89A7-442256E74D94}.Release|Any CPU.Build.0 = Release|Any CPU
		{BB0C3602-40A9-46F1-89A7-442256E74D94}.Release|ARM.ActiveCfg = Release|Any CPU
		{BB0C3602-40A9-46F1-89A7-442256E74D94}.Release|ARM.Build.0 = Release|Any CPU
		{BB0C3602-40A9-46F1-89A7-442256E74D94}.Release|iPhone.ActiveCfg = Release|Any CPU
		{BB0C3602-40A9-46F1-89A7-442256E74D94}.Release|iPhone.Build.0 = Release|Any CPU
		{BB0C3602-40A9-46F1-89A7-442256E74D94}.Release|iPhoneSimulator.ActiveCfg = Release|Any CPU
		{BB0C3602-40A9-46F1-89A7-442256E74D94}.Release|iPhoneSimulator.Build.0 = Release|Any CPU
		{BB0C3602-40A9-46F1-89A7-442256E74D94}.Release|x86.ActiveCfg = Release|Any CPU
		{BB0C3602-40A9-46F1-89A7-442256E74D94}.Release|x86.Build.0 = Release|Any CPU
	EndGlobalSection
	GlobalSection(SolutionProperties) = preSolution
		HideSolutionNode = FALSE
	EndGlobalSection
EndGlobal
